<?xml version="1.0" encoding="UTF-8"?>
<!DOCTYPE plist PUBLIC "-//Apple//DTD PLIST 1.0//EN" "http://www.apple.com/DTDs/PropertyList-1.0.dtd">
<plist version="1.0">
<dict>
	<key>archiveVersion</key>
	<string>1</string>
	<key>classes</key>
	<dict/>
	<key>objectVersion</key>
	<string>46</string>
	<key>objects</key>
	<dict>
		<key>2FD15B322D7C408FB26E66BD</key>
		<dict>
			<key>fileRef</key>
			<string>76A0DD651CFD4E8CACAABC4B</string>
			<key>isa</key>
			<string>PBXBuildFile</string>
		</dict>
		<key>632D0F0EBF2943578ADA3E88</key>
		<dict>
			<key>buildActionMask</key>
			<string>2147483647</string>
			<key>files</key>
			<array/>
			<key>inputPaths</key>
			<array/>
			<key>isa</key>
			<string>PBXShellScriptBuildPhase</string>
			<key>name</key>
			<string>Check Pods Manifest.lock</string>
			<key>outputPaths</key>
			<array/>
			<key>runOnlyForDeploymentPostprocessing</key>
			<string>0</string>
			<key>shellPath</key>
			<string>/bin/sh</string>
			<key>shellScript</key>
			<string>diff "${PODS_ROOT}/../Podfile.lock" "${PODS_ROOT}/Manifest.lock" &gt; /dev/null
if [[ $? != 0 ]] ; then
    cat &lt;&lt; EOM
error: The sandbox is not in sync with the Podfile.lock. Run 'pod install' or update your CocoaPods installation.
EOM
    exit 1
fi
</string>
			<key>showEnvVarsInLog</key>
			<string>0</string>
		</dict>
		<key>652DC3DC19AFFF63007E4E66</key>
		<dict>
			<key>children</key>
			<array>
				<string>652DC3EE19AFFF63007E4E66</string>
				<string>652DC41019AFFF63007E4E66</string>
				<string>652DC3E719AFFF63007E4E66</string>
				<string>652DC3E619AFFF63007E4E66</string>
				<string>FBE7EC7430C34C6E852B0DB1</string>
			</array>
			<key>isa</key>
			<string>PBXGroup</string>
			<key>sourceTree</key>
			<string>&lt;group&gt;</string>
		</dict>
		<key>652DC3DD19AFFF63007E4E66</key>
		<dict>
			<key>attributes</key>
			<dict>
				<key>CLASSPREFIX</key>
				<string>df</string>
				<key>LastUpgradeCheck</key>
				<string>0510</string>
				<key>ORGANIZATIONNAME</key>
				<string>derekfidler.com</string>
				<key>TargetAttributes</key>
				<dict>
					<key>652DC40819AFFF63007E4E66</key>
					<dict>
						<key>TestTargetID</key>
						<string>652DC3E419AFFF63007E4E66</string>
					</dict>
				</dict>
			</dict>
			<key>buildConfigurationList</key>
			<string>652DC3E019AFFF63007E4E66</string>
			<key>compatibilityVersion</key>
			<string>Xcode 3.2</string>
			<key>developmentRegion</key>
			<string>English</string>
			<key>hasScannedForEncodings</key>
			<string>0</string>
			<key>isa</key>
			<string>PBXProject</string>
			<key>knownRegions</key>
			<array>
				<string>en</string>
				<string>Base</string>
			</array>
			<key>mainGroup</key>
			<string>652DC3DC19AFFF63007E4E66</string>
			<key>productRefGroup</key>
			<string>652DC3E619AFFF63007E4E66</string>
			<key>projectDirPath</key>
			<string></string>
			<key>projectReferences</key>
			<array/>
			<key>projectRoot</key>
			<string></string>
			<key>targets</key>
			<array>
				<string>652DC3E419AFFF63007E4E66</string>
				<string>652DC40819AFFF63007E4E66</string>
			</array>
		</dict>
		<key>652DC3E019AFFF63007E4E66</key>
		<dict>
			<key>buildConfigurations</key>
			<array>
				<string>652DC41819AFFF63007E4E66</string>
				<string>652DC41919AFFF63007E4E66</string>
			</array>
			<key>defaultConfigurationIsVisible</key>
			<string>0</string>
			<key>defaultConfigurationName</key>
			<string>Release</string>
			<key>isa</key>
			<string>XCConfigurationList</string>
		</dict>
		<key>652DC3E119AFFF63007E4E66</key>
		<dict>
			<key>buildActionMask</key>
			<string>2147483647</string>
			<key>files</key>
			<array>
				<string>652DC3F919AFFF63007E4E66</string>
				<string>652DC40219AFFF63007E4E66</string>
				<string>652DC3F519AFFF63007E4E66</string>
			</array>
			<key>isa</key>
			<string>PBXSourcesBuildPhase</string>
			<key>runOnlyForDeploymentPostprocessing</key>
			<string>0</string>
		</dict>
		<key>652DC3E219AFFF63007E4E66</key>
		<dict>
			<key>buildActionMask</key>
			<string>2147483647</string>
			<key>files</key>
			<array>
				<string>652DC3EB19AFFF63007E4E66</string>
				<string>652DC3ED19AFFF63007E4E66</string>
				<string>652DC3E919AFFF63007E4E66</string>
				<string>2FD15B322D7C408FB26E66BD</string>
			</array>
			<key>isa</key>
			<string>PBXFrameworksBuildPhase</string>
			<key>runOnlyForDeploymentPostprocessing</key>
			<string>0</string>
		</dict>
		<key>652DC3E319AFFF63007E4E66</key>
		<dict>
			<key>buildActionMask</key>
			<string>2147483647</string>
			<key>files</key>
			<array>
				<string>652DC3FF19AFFF63007E4E66</string>
				<string>652DC40419AFFF63007E4E66</string>
				<string>652DC3FC19AFFF63007E4E66</string>
				<string>652DC3F319AFFF63007E4E66</string>
			</array>
			<key>isa</key>
			<string>PBXResourcesBuildPhase</string>
			<key>runOnlyForDeploymentPostprocessing</key>
			<string>0</string>
		</dict>
		<key>652DC3E419AFFF63007E4E66</key>
		<dict>
			<key>buildConfigurationList</key>
			<string>652DC41A19AFFF63007E4E66</string>
			<key>buildPhases</key>
			<array>
				<string>632D0F0EBF2943578ADA3E88</string>
				<string>652DC3E119AFFF63007E4E66</string>
				<string>652DC3E219AFFF63007E4E66</string>
				<string>652DC3E319AFFF63007E4E66</string>
				<string>B3B34ABBD86A48A68B7A91E8</string>
			</array>
			<key>buildRules</key>
			<array/>
			<key>dependencies</key>
			<array/>
			<key>isa</key>
			<string>PBXNativeTarget</string>
			<key>name</key>
			<string>QC Killa</string>
			<key>productName</key>
			<string>QC Killa</string>
			<key>productReference</key>
			<string>652DC3E519AFFF63007E4E66</string>
			<key>productType</key>
			<string>com.apple.product-type.application</string>
		</dict>
		<key>652DC3E519AFFF63007E4E66</key>
		<dict>
			<key>explicitFileType</key>
			<string>wrapper.application</string>
			<key>includeInIndex</key>
			<string>0</string>
			<key>isa</key>
			<string>PBXFileReference</string>
			<key>path</key>
			<string>QC Killa.app</string>
			<key>sourceTree</key>
			<string>BUILT_PRODUCTS_DIR</string>
		</dict>
		<key>652DC3E619AFFF63007E4E66</key>
		<dict>
			<key>children</key>
			<array>
				<string>652DC3E519AFFF63007E4E66</string>
				<string>652DC40919AFFF63007E4E66</string>
			</array>
			<key>isa</key>
			<string>PBXGroup</string>
			<key>name</key>
			<string>Products</string>
			<key>sourceTree</key>
			<string>&lt;group&gt;</string>
		</dict>
		<key>652DC3E719AFFF63007E4E66</key>
		<dict>
			<key>children</key>
			<array>
				<string>652DC3E819AFFF63007E4E66</string>
				<string>652DC3EA19AFFF63007E4E66</string>
				<string>652DC3EC19AFFF63007E4E66</string>
				<string>652DC40A19AFFF63007E4E66</string>
				<string>76A0DD651CFD4E8CACAABC4B</string>
			</array>
			<key>isa</key>
			<string>PBXGroup</string>
			<key>name</key>
			<string>Frameworks</string>
			<key>sourceTree</key>
			<string>&lt;group&gt;</string>
		</dict>
		<key>652DC3E819AFFF63007E4E66</key>
		<dict>
			<key>isa</key>
			<string>PBXFileReference</string>
			<key>lastKnownFileType</key>
			<string>wrapper.framework</string>
			<key>name</key>
			<string>Foundation.framework</string>
			<key>path</key>
			<string>System/Library/Frameworks/Foundation.framework</string>
			<key>sourceTree</key>
			<string>SDKROOT</string>
		</dict>
		<key>652DC3E919AFFF63007E4E66</key>
		<dict>
			<key>fileRef</key>
			<string>652DC3E819AFFF63007E4E66</string>
			<key>isa</key>
			<string>PBXBuildFile</string>
		</dict>
		<key>652DC3EA19AFFF63007E4E66</key>
		<dict>
			<key>isa</key>
			<string>PBXFileReference</string>
			<key>lastKnownFileType</key>
			<string>wrapper.framework</string>
			<key>name</key>
			<string>CoreGraphics.framework</string>
			<key>path</key>
			<string>System/Library/Frameworks/CoreGraphics.framework</string>
			<key>sourceTree</key>
			<string>SDKROOT</string>
		</dict>
		<key>652DC3EB19AFFF63007E4E66</key>
		<dict>
			<key>fileRef</key>
			<string>652DC3EA19AFFF63007E4E66</string>
			<key>isa</key>
			<string>PBXBuildFile</string>
		</dict>
		<key>652DC3EC19AFFF63007E4E66</key>
		<dict>
			<key>isa</key>
			<string>PBXFileReference</string>
			<key>lastKnownFileType</key>
			<string>wrapper.framework</string>
			<key>name</key>
			<string>UIKit.framework</string>
			<key>path</key>
			<string>System/Library/Frameworks/UIKit.framework</string>
			<key>sourceTree</key>
			<string>SDKROOT</string>
		</dict>
		<key>652DC3ED19AFFF63007E4E66</key>
		<dict>
			<key>fileRef</key>
			<string>652DC3EC19AFFF63007E4E66</string>
			<key>isa</key>
			<string>PBXBuildFile</string>
		</dict>
		<key>652DC3EE19AFFF63007E4E66</key>
		<dict>
			<key>children</key>
			<array>
				<string>652DC3F719AFFF63007E4E66</string>
				<string>652DC3F819AFFF63007E4E66</string>
				<string>652DC3FA19AFFF63007E4E66</string>
				<string>652DC3FD19AFFF63007E4E66</string>
				<string>652DC40019AFFF63007E4E66</string>
				<string>652DC40119AFFF63007E4E66</string>
				<string>652DC40319AFFF63007E4E66</string>
				<string>652DC3EF19AFFF63007E4E66</string>
			</array>
			<key>isa</key>
			<string>PBXGroup</string>
			<key>path</key>
			<string>QC Killa</string>
			<key>sourceTree</key>
			<string>&lt;group&gt;</string>
		</dict>
		<key>652DC3EF19AFFF63007E4E66</key>
		<dict>
			<key>children</key>
			<array>
				<string>652DC3F019AFFF63007E4E66</string>
				<string>652DC3F119AFFF63007E4E66</string>
				<string>652DC3F419AFFF63007E4E66</string>
				<string>652DC3F619AFFF63007E4E66</string>
			</array>
			<key>isa</key>
			<string>PBXGroup</string>
			<key>name</key>
			<string>Supporting Files</string>
			<key>sourceTree</key>
			<string>&lt;group&gt;</string>
		</dict>
		<key>652DC3F019AFFF63007E4E66</key>
		<dict>
			<key>isa</key>
			<string>PBXFileReference</string>
			<key>lastKnownFileType</key>
			<string>text.plist.xml</string>
			<key>path</key>
			<string>QC Killa-Info.plist</string>
			<key>sourceTree</key>
			<string>&lt;group&gt;</string>
		</dict>
		<key>652DC3F119AFFF63007E4E66</key>
		<dict>
			<key>children</key>
			<array>
				<string>652DC3F219AFFF63007E4E66</string>
			</array>
			<key>isa</key>
			<string>PBXVariantGroup</string>
			<key>name</key>
			<string>InfoPlist.strings</string>
			<key>sourceTree</key>
			<string>&lt;group&gt;</string>
		</dict>
		<key>652DC3F219AFFF63007E4E66</key>
		<dict>
			<key>isa</key>
			<string>PBXFileReference</string>
			<key>lastKnownFileType</key>
			<string>text.plist.strings</string>
			<key>name</key>
			<string>en</string>
			<key>path</key>
			<string>en.lproj/InfoPlist.strings</string>
			<key>sourceTree</key>
			<string>&lt;group&gt;</string>
		</dict>
		<key>652DC3F319AFFF63007E4E66</key>
		<dict>
			<key>fileRef</key>
			<string>652DC3F119AFFF63007E4E66</string>
			<key>isa</key>
			<string>PBXBuildFile</string>
		</dict>
		<key>652DC3F419AFFF63007E4E66</key>
		<dict>
			<key>isa</key>
			<string>PBXFileReference</string>
			<key>lastKnownFileType</key>
			<string>sourcecode.c.objc</string>
			<key>path</key>
			<string>main.m</string>
			<key>sourceTree</key>
			<string>&lt;group&gt;</string>
		</dict>
		<key>652DC3F519AFFF63007E4E66</key>
		<dict>
			<key>fileRef</key>
			<string>652DC3F419AFFF63007E4E66</string>
			<key>isa</key>
			<string>PBXBuildFile</string>
		</dict>
		<key>652DC3F619AFFF63007E4E66</key>
		<dict>
			<key>isa</key>
			<string>PBXFileReference</string>
			<key>lastKnownFileType</key>
			<string>sourcecode.c.h</string>
			<key>path</key>
			<string>QC Killa-Prefix.pch</string>
			<key>sourceTree</key>
			<string>&lt;group&gt;</string>
		</dict>
		<key>652DC3F719AFFF63007E4E66</key>
		<dict>
			<key>isa</key>
			<string>PBXFileReference</string>
			<key>lastKnownFileType</key>
			<string>sourcecode.c.h</string>
			<key>path</key>
			<string>dfAppDelegate.h</string>
			<key>sourceTree</key>
			<string>&lt;group&gt;</string>
		</dict>
		<key>652DC3F819AFFF63007E4E66</key>
		<dict>
			<key>isa</key>
			<string>PBXFileReference</string>
			<key>lastKnownFileType</key>
			<string>sourcecode.c.objc</string>
			<key>path</key>
			<string>dfAppDelegate.m</string>
			<key>sourceTree</key>
			<string>&lt;group&gt;</string>
		</dict>
		<key>652DC3F919AFFF63007E4E66</key>
		<dict>
			<key>fileRef</key>
			<string>652DC3F819AFFF63007E4E66</string>
			<key>isa</key>
			<string>PBXBuildFile</string>
		</dict>
		<key>652DC3FA19AFFF63007E4E66</key>
		<dict>
			<key>children</key>
			<array>
				<string>652DC3FB19AFFF63007E4E66</string>
			</array>
			<key>isa</key>
			<string>PBXVariantGroup</string>
			<key>name</key>
			<string>Main_iPhone.storyboard</string>
			<key>sourceTree</key>
			<string>&lt;group&gt;</string>
		</dict>
		<key>652DC3FB19AFFF63007E4E66</key>
		<dict>
			<key>isa</key>
			<string>PBXFileReference</string>
			<key>lastKnownFileType</key>
			<string>file.storyboard</string>
			<key>name</key>
			<string>Base</string>
			<key>path</key>
			<string>Base.lproj/Main_iPhone.storyboard</string>
			<key>sourceTree</key>
			<string>&lt;group&gt;</string>
		</dict>
		<key>652DC3FC19AFFF63007E4E66</key>
		<dict>
			<key>fileRef</key>
			<string>652DC3FA19AFFF63007E4E66</string>
			<key>isa</key>
			<string>PBXBuildFile</string>
		</dict>
		<key>652DC3FD19AFFF63007E4E66</key>
		<dict>
			<key>children</key>
			<array>
				<string>652DC3FE19AFFF63007E4E66</string>
			</array>
			<key>isa</key>
			<string>PBXVariantGroup</string>
			<key>name</key>
			<string>Main_iPad.storyboard</string>
			<key>sourceTree</key>
			<string>&lt;group&gt;</string>
		</dict>
		<key>652DC3FE19AFFF63007E4E66</key>
		<dict>
			<key>isa</key>
			<string>PBXFileReference</string>
			<key>lastKnownFileType</key>
			<string>file.storyboard</string>
			<key>name</key>
			<string>Base</string>
			<key>path</key>
			<string>Base.lproj/Main_iPad.storyboard</string>
			<key>sourceTree</key>
			<string>&lt;group&gt;</string>
		</dict>
		<key>652DC3FF19AFFF63007E4E66</key>
		<dict>
			<key>fileRef</key>
			<string>652DC3FD19AFFF63007E4E66</string>
			<key>isa</key>
			<string>PBXBuildFile</string>
		</dict>
		<key>652DC40019AFFF63007E4E66</key>
		<dict>
			<key>isa</key>
			<string>PBXFileReference</string>
			<key>lastKnownFileType</key>
			<string>sourcecode.c.h</string>
			<key>path</key>
			<string>dfViewController.h</string>
			<key>sourceTree</key>
			<string>&lt;group&gt;</string>
		</dict>
		<key>652DC40119AFFF63007E4E66</key>
		<dict>
			<key>isa</key>
			<string>PBXFileReference</string>
			<key>lastKnownFileType</key>
			<string>sourcecode.c.objc</string>
			<key>path</key>
			<string>dfViewController.m</string>
			<key>sourceTree</key>
			<string>&lt;group&gt;</string>
		</dict>
		<key>652DC40219AFFF63007E4E66</key>
		<dict>
			<key>fileRef</key>
			<string>652DC40119AFFF63007E4E66</string>
			<key>isa</key>
			<string>PBXBuildFile</string>
		</dict>
		<key>652DC40319AFFF63007E4E66</key>
		<dict>
			<key>isa</key>
			<string>PBXFileReference</string>
			<key>lastKnownFileType</key>
			<string>folder.assetcatalog</string>
			<key>path</key>
			<string>Images.xcassets</string>
			<key>sourceTree</key>
			<string>&lt;group&gt;</string>
		</dict>
		<key>652DC40419AFFF63007E4E66</key>
		<dict>
			<key>fileRef</key>
			<string>652DC40319AFFF63007E4E66</string>
			<key>isa</key>
			<string>PBXBuildFile</string>
		</dict>
		<key>652DC40519AFFF63007E4E66</key>
		<dict>
			<key>buildActionMask</key>
			<string>2147483647</string>
			<key>files</key>
			<array>
				<string>652DC41719AFFF63007E4E66</string>
			</array>
			<key>isa</key>
			<string>PBXSourcesBuildPhase</string>
			<key>runOnlyForDeploymentPostprocessing</key>
			<string>0</string>
		</dict>
		<key>652DC40619AFFF63007E4E66</key>
		<dict>
			<key>buildActionMask</key>
			<string>2147483647</string>
			<key>files</key>
			<array>
				<string>652DC40B19AFFF63007E4E66</string>
				<string>652DC40D19AFFF63007E4E66</string>
				<string>652DC40C19AFFF63007E4E66</string>
			</array>
			<key>isa</key>
			<string>PBXFrameworksBuildPhase</string>
			<key>runOnlyForDeploymentPostprocessing</key>
			<string>0</string>
		</dict>
		<key>652DC40719AFFF63007E4E66</key>
		<dict>
			<key>buildActionMask</key>
			<string>2147483647</string>
			<key>files</key>
			<array>
				<string>652DC41519AFFF63007E4E66</string>
			</array>
			<key>isa</key>
			<string>PBXResourcesBuildPhase</string>
			<key>runOnlyForDeploymentPostprocessing</key>
			<string>0</string>
		</dict>
		<key>652DC40819AFFF63007E4E66</key>
		<dict>
			<key>buildConfigurationList</key>
			<string>652DC41D19AFFF63007E4E66</string>
			<key>buildPhases</key>
			<array>
				<string>652DC40519AFFF63007E4E66</string>
				<string>652DC40619AFFF63007E4E66</string>
				<string>652DC40719AFFF63007E4E66</string>
			</array>
			<key>buildRules</key>
			<array/>
			<key>dependencies</key>
			<array>
				<string>652DC40F19AFFF63007E4E66</string>
			</array>
			<key>isa</key>
			<string>PBXNativeTarget</string>
			<key>name</key>
			<string>QC KillaTests</string>
			<key>productName</key>
			<string>QC KillaTests</string>
			<key>productReference</key>
			<string>652DC40919AFFF63007E4E66</string>
			<key>productType</key>
			<string>com.apple.product-type.bundle.unit-test</string>
		</dict>
		<key>652DC40919AFFF63007E4E66</key>
		<dict>
			<key>explicitFileType</key>
			<string>wrapper.cfbundle</string>
			<key>includeInIndex</key>
			<string>0</string>
			<key>isa</key>
			<string>PBXFileReference</string>
			<key>path</key>
			<string>QC KillaTests.xctest</string>
			<key>sourceTree</key>
			<string>BUILT_PRODUCTS_DIR</string>
		</dict>
		<key>652DC40A19AFFF63007E4E66</key>
		<dict>
			<key>isa</key>
			<string>PBXFileReference</string>
			<key>lastKnownFileType</key>
			<string>wrapper.framework</string>
			<key>name</key>
			<string>XCTest.framework</string>
			<key>path</key>
			<string>Library/Frameworks/XCTest.framework</string>
			<key>sourceTree</key>
			<string>DEVELOPER_DIR</string>
		</dict>
		<key>652DC40B19AFFF63007E4E66</key>
		<dict>
			<key>fileRef</key>
			<string>652DC40A19AFFF63007E4E66</string>
			<key>isa</key>
			<string>PBXBuildFile</string>
		</dict>
		<key>652DC40C19AFFF63007E4E66</key>
		<dict>
			<key>fileRef</key>
			<string>652DC3E819AFFF63007E4E66</string>
			<key>isa</key>
			<string>PBXBuildFile</string>
		</dict>
		<key>652DC40D19AFFF63007E4E66</key>
		<dict>
			<key>fileRef</key>
			<string>652DC3EC19AFFF63007E4E66</string>
			<key>isa</key>
			<string>PBXBuildFile</string>
		</dict>
		<key>652DC40E19AFFF63007E4E66</key>
		<dict>
			<key>containerPortal</key>
			<string>652DC3DD19AFFF63007E4E66</string>
			<key>isa</key>
			<string>PBXContainerItemProxy</string>
			<key>proxyType</key>
			<string>1</string>
			<key>remoteGlobalIDString</key>
			<string>652DC3E419AFFF63007E4E66</string>
			<key>remoteInfo</key>
			<string>QC Killa</string>
		</dict>
		<key>652DC40F19AFFF63007E4E66</key>
		<dict>
			<key>isa</key>
			<string>PBXTargetDependency</string>
			<key>target</key>
			<string>652DC3E419AFFF63007E4E66</string>
			<key>targetProxy</key>
			<string>652DC40E19AFFF63007E4E66</string>
		</dict>
		<key>652DC41019AFFF63007E4E66</key>
		<dict>
			<key>children</key>
			<array>
				<string>652DC41619AFFF63007E4E66</string>
				<string>652DC41119AFFF63007E4E66</string>
			</array>
			<key>isa</key>
			<string>PBXGroup</string>
			<key>path</key>
			<string>QC KillaTests</string>
			<key>sourceTree</key>
			<string>&lt;group&gt;</string>
		</dict>
		<key>652DC41119AFFF63007E4E66</key>
		<dict>
			<key>children</key>
			<array>
				<string>652DC41219AFFF63007E4E66</string>
				<string>652DC41319AFFF63007E4E66</string>
			</array>
			<key>isa</key>
			<string>PBXGroup</string>
			<key>name</key>
			<string>Supporting Files</string>
			<key>sourceTree</key>
			<string>&lt;group&gt;</string>
		</dict>
		<key>652DC41219AFFF63007E4E66</key>
		<dict>
			<key>isa</key>
			<string>PBXFileReference</string>
			<key>lastKnownFileType</key>
			<string>text.plist.xml</string>
			<key>path</key>
			<string>QC KillaTests-Info.plist</string>
			<key>sourceTree</key>
			<string>&lt;group&gt;</string>
		</dict>
		<key>652DC41319AFFF63007E4E66</key>
		<dict>
			<key>children</key>
			<array>
				<string>652DC41419AFFF63007E4E66</string>
			</array>
			<key>isa</key>
			<string>PBXVariantGroup</string>
			<key>name</key>
			<string>InfoPlist.strings</string>
			<key>sourceTree</key>
			<string>&lt;group&gt;</string>
		</dict>
		<key>652DC41419AFFF63007E4E66</key>
		<dict>
			<key>isa</key>
			<string>PBXFileReference</string>
			<key>lastKnownFileType</key>
			<string>text.plist.strings</string>
			<key>name</key>
			<string>en</string>
			<key>path</key>
			<string>en.lproj/InfoPlist.strings</string>
			<key>sourceTree</key>
			<string>&lt;group&gt;</string>
		</dict>
		<key>652DC41519AFFF63007E4E66</key>
		<dict>
			<key>fileRef</key>
			<string>652DC41319AFFF63007E4E66</string>
			<key>isa</key>
			<string>PBXBuildFile</string>
		</dict>
		<key>652DC41619AFFF63007E4E66</key>
		<dict>
			<key>isa</key>
			<string>PBXFileReference</string>
			<key>lastKnownFileType</key>
			<string>sourcecode.c.objc</string>
			<key>path</key>
			<string>QC_KillaTests.m</string>
			<key>sourceTree</key>
			<string>&lt;group&gt;</string>
		</dict>
		<key>652DC41719AFFF63007E4E66</key>
		<dict>
			<key>fileRef</key>
			<string>652DC41619AFFF63007E4E66</string>
			<key>isa</key>
			<string>PBXBuildFile</string>
		</dict>
		<key>652DC41819AFFF63007E4E66</key>
		<dict>
			<key>buildSettings</key>
			<dict>
				<key>ALWAYS_SEARCH_USER_PATHS</key>
				<string>NO</string>
				<key>CLANG_CXX_LANGUAGE_STANDARD</key>
				<string>gnu++0x</string>
				<key>CLANG_CXX_LIBRARY</key>
				<string>libc++</string>
				<key>CLANG_ENABLE_MODULES</key>
				<string>YES</string>
				<key>CLANG_ENABLE_OBJC_ARC</key>
				<string>YES</string>
				<key>CLANG_WARN_BOOL_CONVERSION</key>
				<string>YES</string>
				<key>CLANG_WARN_CONSTANT_CONVERSION</key>
				<string>YES</string>
				<key>CLANG_WARN_DIRECT_OBJC_ISA_USAGE</key>
				<string>YES_ERROR</string>
				<key>CLANG_WARN_EMPTY_BODY</key>
				<string>YES</string>
				<key>CLANG_WARN_ENUM_CONVERSION</key>
				<string>YES</string>
				<key>CLANG_WARN_INT_CONVERSION</key>
				<string>YES</string>
				<key>CLANG_WARN_OBJC_ROOT_CLASS</key>
				<string>YES_ERROR</string>
				<key>CLANG_WARN__DUPLICATE_METHOD_MATCH</key>
				<string>YES</string>
				<key>CODE_SIGN_IDENTITY[sdk=iphoneos*]</key>
				<string>iPhone Developer</string>
				<key>COPY_PHASE_STRIP</key>
				<string>NO</string>
				<key>GCC_C_LANGUAGE_STANDARD</key>
				<string>gnu99</string>
				<key>GCC_DYNAMIC_NO_PIC</key>
				<string>NO</string>
				<key>GCC_OPTIMIZATION_LEVEL</key>
				<string>0</string>
				<key>GCC_PREPROCESSOR_DEFINITIONS</key>
				<array>
					<string>DEBUG=1</string>
					<string>$(inherited)</string>
				</array>
				<key>GCC_SYMBOLS_PRIVATE_EXTERN</key>
				<string>NO</string>
				<key>GCC_WARN_64_TO_32_BIT_CONVERSION</key>
				<string>YES</string>
				<key>GCC_WARN_ABOUT_RETURN_TYPE</key>
				<string>YES_ERROR</string>
				<key>GCC_WARN_UNDECLARED_SELECTOR</key>
				<string>YES</string>
				<key>GCC_WARN_UNINITIALIZED_AUTOS</key>
				<string>YES_AGGRESSIVE</string>
				<key>GCC_WARN_UNUSED_FUNCTION</key>
				<string>YES</string>
				<key>GCC_WARN_UNUSED_VARIABLE</key>
				<string>YES</string>
				<key>IPHONEOS_DEPLOYMENT_TARGET</key>
				<string>7.1</string>
				<key>ONLY_ACTIVE_ARCH</key>
				<string>YES</string>
				<key>SDKROOT</key>
				<string>iphoneos</string>
				<key>TARGETED_DEVICE_FAMILY</key>
				<string>1,2</string>
			</dict>
			<key>isa</key>
			<string>XCBuildConfiguration</string>
			<key>name</key>
			<string>Debug</string>
		</dict>
		<key>652DC41919AFFF63007E4E66</key>
		<dict>
			<key>buildSettings</key>
			<dict>
				<key>ALWAYS_SEARCH_USER_PATHS</key>
				<string>NO</string>
				<key>CLANG_CXX_LANGUAGE_STANDARD</key>
				<string>gnu++0x</string>
				<key>CLANG_CXX_LIBRARY</key>
				<string>libc++</string>
				<key>CLANG_ENABLE_MODULES</key>
				<string>YES</string>
				<key>CLANG_ENABLE_OBJC_ARC</key>
				<string>YES</string>
				<key>CLANG_WARN_BOOL_CONVERSION</key>
				<string>YES</string>
				<key>CLANG_WARN_CONSTANT_CONVERSION</key>
				<string>YES</string>
				<key>CLANG_WARN_DIRECT_OBJC_ISA_USAGE</key>
				<string>YES_ERROR</string>
				<key>CLANG_WARN_EMPTY_BODY</key>
				<string>YES</string>
				<key>CLANG_WARN_ENUM_CONVERSION</key>
				<string>YES</string>
				<key>CLANG_WARN_INT_CONVERSION</key>
				<string>YES</string>
				<key>CLANG_WARN_OBJC_ROOT_CLASS</key>
				<string>YES_ERROR</string>
				<key>CLANG_WARN__DUPLICATE_METHOD_MATCH</key>
				<string>YES</string>
				<key>CODE_SIGN_IDENTITY[sdk=iphoneos*]</key>
				<string>iPhone Developer</string>
				<key>COPY_PHASE_STRIP</key>
				<string>YES</string>
				<key>ENABLE_NS_ASSERTIONS</key>
				<string>NO</string>
				<key>GCC_C_LANGUAGE_STANDARD</key>
				<string>gnu99</string>
				<key>GCC_WARN_64_TO_32_BIT_CONVERSION</key>
				<string>YES</string>
				<key>GCC_WARN_ABOUT_RETURN_TYPE</key>
				<string>YES_ERROR</string>
				<key>GCC_WARN_UNDECLARED_SELECTOR</key>
				<string>YES</string>
				<key>GCC_WARN_UNINITIALIZED_AUTOS</key>
				<string>YES_AGGRESSIVE</string>
				<key>GCC_WARN_UNUSED_FUNCTION</key>
				<string>YES</string>
				<key>GCC_WARN_UNUSED_VARIABLE</key>
				<string>YES</string>
				<key>IPHONEOS_DEPLOYMENT_TARGET</key>
				<string>7.1</string>
				<key>SDKROOT</key>
				<string>iphoneos</string>
				<key>TARGETED_DEVICE_FAMILY</key>
				<string>1,2</string>
				<key>VALIDATE_PRODUCT</key>
				<string>YES</string>
			</dict>
			<key>isa</key>
			<string>XCBuildConfiguration</string>
			<key>name</key>
			<string>Release</string>
		</dict>
		<key>652DC41A19AFFF63007E4E66</key>
		<dict>
			<key>buildConfigurations</key>
			<array>
				<string>652DC41B19AFFF63007E4E66</string>
				<string>652DC41C19AFFF63007E4E66</string>
			</array>
			<key>defaultConfigurationIsVisible</key>
			<string>0</string>
			<key>isa</key>
			<string>XCConfigurationList</string>
		</dict>
		<key>652DC41B19AFFF63007E4E66</key>
		<dict>
			<key>baseConfigurationReference</key>
			<string>FBE7EC7430C34C6E852B0DB1</string>
			<key>buildSettings</key>
			<dict>
				<key>ASSETCATALOG_COMPILER_APPICON_NAME</key>
				<string>AppIcon</string>
				<key>ASSETCATALOG_COMPILER_LAUNCHIMAGE_NAME</key>
				<string>LaunchImage</string>
				<key>GCC_PRECOMPILE_PREFIX_HEADER</key>
				<string>YES</string>
				<key>GCC_PREFIX_HEADER</key>
				<string>QC Killa/QC Killa-Prefix.pch</string>
				<key>INFOPLIST_FILE</key>
				<string>QC Killa/QC Killa-Info.plist</string>
				<key>PRODUCT_NAME</key>
				<string>$(TARGET_NAME)</string>
				<key>WRAPPER_EXTENSION</key>
				<string>app</string>
			</dict>
			<key>isa</key>
			<string>XCBuildConfiguration</string>
			<key>name</key>
			<string>Debug</string>
		</dict>
		<key>652DC41C19AFFF63007E4E66</key>
		<dict>
			<key>baseConfigurationReference</key>
			<string>FBE7EC7430C34C6E852B0DB1</string>
			<key>buildSettings</key>
			<dict>
				<key>ASSETCATALOG_COMPILER_APPICON_NAME</key>
				<string>AppIcon</string>
				<key>ASSETCATALOG_COMPILER_LAUNCHIMAGE_NAME</key>
				<string>LaunchImage</string>
				<key>GCC_PRECOMPILE_PREFIX_HEADER</key>
				<string>YES</string>
				<key>GCC_PREFIX_HEADER</key>
				<string>QC Killa/QC Killa-Prefix.pch</string>
				<key>INFOPLIST_FILE</key>
				<string>QC Killa/QC Killa-Info.plist</string>
				<key>PRODUCT_NAME</key>
				<string>$(TARGET_NAME)</string>
				<key>WRAPPER_EXTENSION</key>
				<string>app</string>
			</dict>
			<key>isa</key>
			<string>XCBuildConfiguration</string>
			<key>name</key>
			<string>Release</string>
		</dict>
		<key>652DC41D19AFFF63007E4E66</key>
		<dict>
			<key>buildConfigurations</key>
			<array>
				<string>652DC41E19AFFF63007E4E66</string>
				<string>652DC41F19AFFF63007E4E66</string>
			</array>
			<key>defaultConfigurationIsVisible</key>
			<string>0</string>
			<key>isa</key>
			<string>XCConfigurationList</string>
		</dict>
		<key>652DC41E19AFFF63007E4E66</key>
		<dict>
			<key>buildSettings</key>
			<dict>
				<key>BUNDLE_LOADER</key>
				<string>$(BUILT_PRODUCTS_DIR)/QC Killa.app/QC Killa</string>
				<key>FRAMEWORK_SEARCH_PATHS</key>
				<array>
					<string>$(SDKROOT)/Developer/Library/Frameworks</string>
					<string>$(inherited)</string>
					<string>$(DEVELOPER_FRAMEWORKS_DIR)</string>
				</array>
				<key>GCC_PRECOMPILE_PREFIX_HEADER</key>
				<string>YES</string>
				<key>GCC_PREFIX_HEADER</key>
				<string>QC Killa/QC Killa-Prefix.pch</string>
				<key>GCC_PREPROCESSOR_DEFINITIONS</key>
				<array>
					<string>DEBUG=1</string>
					<string>$(inherited)</string>
				</array>
				<key>INFOPLIST_FILE</key>
				<string>QC KillaTests/QC KillaTests-Info.plist</string>
				<key>PRODUCT_NAME</key>
				<string>$(TARGET_NAME)</string>
				<key>TEST_HOST</key>
				<string>$(BUNDLE_LOADER)</string>
				<key>WRAPPER_EXTENSION</key>
				<string>xctest</string>
			</dict>
			<key>isa</key>
			<string>XCBuildConfiguration</string>
			<key>name</key>
			<string>Debug</string>
		</dict>
		<key>652DC41F19AFFF63007E4E66</key>
		<dict>
			<key>buildSettings</key>
			<dict>
				<key>BUNDLE_LOADER</key>
				<string>$(BUILT_PRODUCTS_DIR)/QC Killa.app/QC Killa</string>
				<key>FRAMEWORK_SEARCH_PATHS</key>
				<array>
					<string>$(SDKROOT)/Developer/Library/Frameworks</string>
					<string>$(inherited)</string>
					<string>$(DEVELOPER_FRAMEWORKS_DIR)</string>
				</array>
				<key>GCC_PRECOMPILE_PREFIX_HEADER</key>
				<string>YES</string>
				<key>GCC_PREFIX_HEADER</key>
				<string>QC Killa/QC Killa-Prefix.pch</string>
				<key>INFOPLIST_FILE</key>
				<string>QC KillaTests/QC KillaTests-Info.plist</string>
				<key>PRODUCT_NAME</key>
				<string>$(TARGET_NAME)</string>
				<key>TEST_HOST</key>
				<string>$(BUNDLE_LOADER)</string>
				<key>WRAPPER_EXTENSION</key>
				<string>xctest</string>
			</dict>
			<key>isa</key>
			<string>XCBuildConfiguration</string>
			<key>name</key>
			<string>Release</string>
		</dict>
		<key>76A0DD651CFD4E8CACAABC4B</key>
		<dict>
			<key>explicitFileType</key>
			<string>archive.ar</string>
			<key>includeInIndex</key>
			<string>0</string>
			<key>isa</key>
			<string>PBXFileReference</string>
			<key>path</key>
			<string>libPods.a</string>
			<key>sourceTree</key>
			<string>BUILT_PRODUCTS_DIR</string>
		</dict>
		<key>B3B34ABBD86A48A68B7A91E8</key>
		<dict>
			<key>buildActionMask</key>
			<string>2147483647</string>
			<key>files</key>
			<array/>
			<key>inputPaths</key>
			<array/>
			<key>isa</key>
			<string>PBXShellScriptBuildPhase</string>
			<key>name</key>
			<string>Copy Pods Resources</string>
			<key>outputPaths</key>
			<array/>
			<key>runOnlyForDeploymentPostprocessing</key>
			<string>0</string>
			<key>shellPath</key>
			<string>/bin/sh</string>
			<key>shellScript</key>
			<string>"${SRCROOT}/Pods/Pods-resources.sh"
</string>
			<key>showEnvVarsInLog</key>
			<string>0</string>
		</dict>
		<key>FBE7EC7430C34C6E852B0DB1</key>
		<dict>
			<key>includeInIndex</key>
			<string>1</string>
			<key>isa</key>
			<string>PBXFileReference</string>
			<key>lastKnownFileType</key>
			<string>text.xcconfig</string>
			<key>name</key>
			<string>Pods.xcconfig</string>
			<key>path</key>
			<string>Pods/Pods.xcconfig</string>
			<key>sourceTree</key>
			<string>&lt;group&gt;</string>
		</dict>
	</dict>
	<key>rootObject</key>
	<string>652DC3DD19AFFF63007E4E66</string>
</dict>
</plist>
